
Microsoft Visual Studio Solution File, Format Version 12.00
# Visual Studio Version 16
VisualStudioVersion = 16.0.30907.101
MinimumVisualStudioVersion = 10.0.40219.1
Project("{FAE04EC0-301F-11D3-BF4B-00C04F79EFBC}") = "doedusam", "doedusam\doedusam.csproj", "{A15A17AE-BA48-4461-9B72-3EA217431A46}"
EndProject
Global
	GlobalSection(SolutionConfigurationPlatforms) = preSolution
		Debug|Any CPU = Debug|Any CPU
		Release|Any CPU = Release|Any CPU
	EndGlobalSection
	GlobalSection(ProjectConfigurationPlatforms) = postSolution
		{A15A17AE-BA48-4461-9B72-3EA217431A46}.Debug|Any CPU.ActiveCfg = Debug|Any CPU
		{A15A17AE-BA48-4461-9B72-3EA217431A46}.Debug|Any CPU.Build.0 = Debug|Any CPU
		{A15A17AE-BA48-4461-9B72-3EA217431A46}.Release|Any CPU.ActiveCfg = Release|Any CPU
		{A15A17AE-BA48-4461-9B72-3EA217431A46}.Release|Any CPU.Build.0 = Release|Any CPU
	EndGlobalSection
	GlobalSection(SolutionProperties) = preSolution
		HideSolutionNode = FALSE
	EndGlobalSection
	GlobalSection(ExtensibilityGlobals) = postSolution
		SolutionGuid = {293F51AE-1D6D-4D8B-AE72-3DADBCAE8E32}
	EndGlobalSection
EndGlobal
